
Microsoft Visual Studio Solution File, Format Version 12.00
Project("{FAE04EC0-301F-11D3-BF4B-00C04F79EFBC}") = "mycmd", "mycmd.csproj", "{B4B89910-D1F4-4825-95B9-E362E5CCD91B}"
EndProject
Global
	GlobalSection(SolutionConfigurationPlatforms) = preSolution
		Debug|Any CPU = Debug|Any CPU
		Release|Any CPU = Release|Any CPU
	EndGlobalSection
	GlobalSection(ProjectConfigurationPlatforms) = postSolution
		{B4B89910-D1F4-4825-95B9-E362E5CCD91B}.Debug|Any CPU.ActiveCfg = Debug|Any CPU
		{B4B89910-D1F4-4825-95B9-E362E5CCD91B}.Debug|Any CPU.Build.0 = Debug|Any CPU
		{B4B89910-D1F4-4825-95B9-E362E5CCD91B}.Release|Any CPU.ActiveCfg = Release|Any CPU
		{B4B89910-D1F4-4825-95B9-E362E5CCD91B}.Release|Any CPU.Build.0 = Release|Any CPU
	EndGlobalSection
EndGlobal
